github.com/panjf2000/ants/v2 v2.11.2 h1:AVGpMSePxUNpcLaBO34xuIgM1ZdKOiGnpxLXixLi5Jo=
github.com/panjf2000/ants/v2 v2.11.2/go.mod h1:8u92CYMUc6gyvTIw8Ru7Mt7+/ESnJahz5EVtqfrilek=
golang.org/x/sync v0.12.0 h1:MHc5BpPuC30uJk597Ri8TV3CNZcTLu6B6z4lJy+g6Jw=
golang.org/x/sync v0.12.0/go.mod h1:1dzgHSNfp02xaA81J2MS99Qcpr2w7fw1gpm99rleRqA=
